
Microsoft Visual Studio Solution File, Format Version 11.00
# Visual Studio 2010
Project("{FAE04EC0-301F-11D3-BF4B-00C04F79EFBC}") = "ContactManager", "ContactManager\ContactManager.csproj", "{5D2BF751-ADEE-4326-B354-7DC233AF3081}"
EndProject
Project("{FAE04EC0-301F-11D3-BF4B-00C04F79EFBC}") = "ContactManager.Tests", "ContactManager.Tests\ContactManager.Tests.csproj", "{3C6664B8-FDCD-4136-B91A-F258298D0811}"
EndProject
Global
	GlobalSection(SolutionConfigurationPlatforms) = preSolution
		Debug|Any CPU = Debug|Any CPU
		Release|Any CPU = Release|Any CPU
	EndGlobalSection
	GlobalSection(ProjectConfigurationPlatforms) = postSolution
		{5D2BF751-ADEE-4326-B354-7DC233AF3081}.Debug|Any CPU.ActiveCfg = Debug|Any CPU
		{5D2BF751-ADEE-4326-B354-7DC233AF3081}.Debug|Any CPU.Build.0 = Debug|Any CPU
		{5D2BF751-ADEE-4326-B354-7DC233AF3081}.Release|Any CPU.ActiveCfg = Release|Any CPU
		{5D2BF751-ADEE-4326-B354-7DC233AF3081}.Release|Any CPU.Build.0 = Release|Any CPU
		{3C6664B8-FDCD-4136-B91A-F258298D0811}.Debug|Any CPU.ActiveCfg = Debug|Any CPU
		{3C6664B8-FDCD-4136-B91A-F258298D0811}.Debug|Any CPU.Build.0 = Debug|Any CPU
		{3C6664B8-FDCD-4136-B91A-F258298D0811}.Release|Any CPU.ActiveCfg = Release|Any CPU
		{3C6664B8-FDCD-4136-B91A-F258298D0811}.Release|Any CPU.Build.0 = Release|Any CPU
	EndGlobalSection
	GlobalSection(SolutionProperties) = preSolution
		HideSolutionNode = FALSE
	EndGlobalSection
EndGlobal
